
Microsoft Visual Studio Solution File, Format Version 12.00
# Visual Studio Version 17
VisualStudioVersion = 17.7.34202.233
MinimumVisualStudioVersion = 10.0.40219.1
Project("{8BC9CEB8-8B4A-11D0-8D11-00A0C91BC942}") = "Zaawansowane zad 2.1", "Zaawansowane zad 2.1\Zaawansowane zad 2.1.vcxproj", "{99956591-FB1C-4B36-9059-3A3AE9D70D46}"
EndProject
Global
	GlobalSection(SolutionConfigurationPlatforms) = preSolution
		Debug|x64 = Debug|x64
		Debug|x86 = Debug|x86
		Release|x64 = Release|x64
		Release|x86 = Release|x86
	EndGlobalSection
	GlobalSection(ProjectConfigurationPlatforms) = postSolution
		{99956591-FB1C-4B36-9059-3A3AE9D70D46}.Debug|x64.ActiveCfg = Debug|x64
		{99956591-FB1C-4B36-9059-3A3AE9D70D46}.Debug|x64.Build.0 = Debug|x64
		{99956591-FB1C-4B36-9059-3A3AE9D70D46}.Debug|x86.ActiveCfg = Debug|Win32
		{99956591-FB1C-4B36-9059-3A3AE9D70D46}.Debug|x86.Build.0 = Debug|Win32
		{99956591-FB1C-4B36-9059-3A3AE9D70D46}.Release|x64.ActiveCfg = Release|x64
		{99956591-FB1C-4B36-9059-3A3AE9D70D46}.Release|x64.Build.0 = Release|x64
		{99956591-FB1C-4B36-9059-3A3AE9D70D46}.Release|x86.ActiveCfg = Release|Win32
		{99956591-FB1C-4B36-9059-3A3AE9D70D46}.Release|x86.Build.0 = Release|Win32
	EndGlobalSection
	GlobalSection(SolutionProperties) = preSolution
		HideSolutionNode = FALSE
	EndGlobalSection
	GlobalSection(ExtensibilityGlobals) = postSolution
		SolutionGuid = {8F268AA0-22D9-4B6D-AFAD-E93736973B79}
	EndGlobalSection
EndGlobal
